
Microsoft Visual Studio Solution File, Format Version 12.00
# Visual Studio Version 18
VisualStudioVersion = 18.3.11512.155
MinimumVisualStudioVersion = 10.0.40219.1
Project("{2150E333-8FDC-42A3-9474-1A3956D46DE8}") = "src", "src", "{02EA681E-C7D8-13C7-8484-4AC65E1B71E8}"
EndProject
Project("{FAE04EC0-301F-11D3-BF4B-00C04F79EFBC}") = "Domain", "src\Domain\Domain.csproj", "{1A0EDE9B-35DE-4B09-9540-B0380F515EC6}"
EndProject
Project("{FAE04EC0-301F-11D3-BF4B-00C04F79EFBC}") = "API", "src\API\API.csproj", "{D6B01F59-406D-4557-9A34-FC4C589B2069}"
EndProject
Project("{FAE04EC0-301F-11D3-BF4B-00C04F79EFBC}") = "Infraestructure", "src\Infraestructure\Infraestructure.csproj", "{FA630654-2E6E-4E4B-A626-C43E280D2F4E}"
EndProject
Project("{FAE04EC0-301F-11D3-BF4B-00C04F79EFBC}") = "Application", "src\Application\Application.csproj", "{BE1A89F5-B9F4-4CBB-9CAD-5763DCB9CFC5}"
EndProject
Project("{2150E333-8FDC-42A3-9474-1A3956D46DE8}") = "tests", "tests", "{AC57F9F6-CEE3-4CAC-993F-AB158270C6ED}"
EndProject
Project("{FAE04EC0-301F-11D3-BF4B-00C04F79EFBC}") = "IntegrationTests", "tests\IntegrationTests\IntegrationTests.csproj", "{BB91995F-18E3-4C68-9B42-DA9BB58F3163}"
EndProject
Project("{FAE04EC0-301F-11D3-BF4B-00C04F79EFBC}") = "UnitTests", "tests\UnitTests\UnitTests.csproj", "{7FE89302-C722-4B4F-8EE4-52366D790630}"
EndProject
Global
	GlobalSection(SolutionConfigurationPlatforms) = preSolution
		Debug|Any CPU = Debug|Any CPU
		Release|Any CPU = Release|Any CPU
	EndGlobalSection
	GlobalSection(ProjectConfigurationPlatforms) = postSolution
		{1A0EDE9B-35DE-4B09-9540-B0380F515EC6}.Debug|Any CPU.ActiveCfg = Debug|Any CPU
		{1A0EDE9B-35DE-4B09-9540-B0380F515EC6}.Debug|Any CPU.Build.0 = Debug|Any CPU
		{1A0EDE9B-35DE-4B09-9540-B0380F515EC6}.Release|Any CPU.ActiveCfg = Release|Any CPU
		{1A0EDE9B-35DE-4B09-9540-B0380F515EC6}.Release|Any CPU.Build.0 = Release|Any CPU
		{D6B01F59-406D-4557-9A34-FC4C589B2069}.Debug|Any CPU.ActiveCfg = Debug|Any CPU
		{D6B01F59-406D-4557-9A34-FC4C589B2069}.Debug|Any CPU.Build.0 = Debug|Any CPU
		{D6B01F59-406D-4557-9A34-FC4C589B2069}.Release|Any CPU.ActiveCfg = Release|Any CPU
		{D6B01F59-406D-4557-9A34-FC4C589B2069}.Release|Any CPU.Build.0 = Release|Any CPU
		{FA630654-2E6E-4E4B-A626-C43E280D2F4E}.Debug|Any CPU.ActiveCfg = Debug|Any CPU
		{FA630654-2E6E-4E4B-A626-C43E280D2F4E}.Debug|Any CPU.Build.0 = Debug|Any CPU
		{FA630654-2E6E-4E4B-A626-C43E280D2F4E}.Release|Any CPU.ActiveCfg = Release|Any CPU
		{FA630654-2E6E-4E4B-A626-C43E280D2F4E}.Release|Any CPU.Build.0 = Release|Any CPU
		{BE1A89F5-B9F4-4CBB-9CAD-5763DCB9CFC5}.Debug|Any CPU.ActiveCfg = Debug|Any CPU
		{BE1A89F5-B9F4-4CBB-9CAD-5763DCB9CFC5}.Debug|Any CPU.Build.0 = Debug|Any CPU
		{BE1A89F5-B9F4-4CBB-9CAD-5763DCB9CFC5}.Release|Any CPU.ActiveCfg = Release|Any CPU
		{BE1A89F5-B9F4-4CBB-9CAD-5763DCB9CFC5}.Release|Any CPU.Build.0 = Release|Any CPU
		{BB91995F-18E3-4C68-9B42-DA9BB58F3163}.Debug|Any CPU.ActiveCfg = Debug|Any CPU
		{BB91995F-18E3-4C68-9B42-DA9BB58F3163}.Debug|Any CPU.Build.0 = Debug|Any CPU
		{BB91995F-18E3-4C68-9B42-DA9BB58F3163}.Release|Any CPU.ActiveCfg = Release|Any CPU
		{BB91995F-18E3-4C68-9B42-DA9BB58F3163}.Release|Any CPU.Build.0 = Release|Any CPU
		{7FE89302-C722-4B4F-8EE4-52366D790630}.Debug|Any CPU.ActiveCfg = Debug|Any CPU
		{7FE89302-C722-4B4F-8EE4-52366D790630}.Debug|Any CPU.Build.0 = Debug|Any CPU
		{7FE89302-C722-4B4F-8EE4-52366D790630}.Release|Any CPU.ActiveCfg = Release|Any CPU
		{7FE89302-C722-4B4F-8EE4-52366D790630}.Release|Any CPU.Build.0 = Release|Any CPU
	EndGlobalSection
	GlobalSection(SolutionProperties) = preSolution
		HideSolutionNode = FALSE
	EndGlobalSection
	GlobalSection(NestedProjects) = preSolution
		{1A0EDE9B-35DE-4B09-9540-B0380F515EC6} = {02EA681E-C7D8-13C7-8484-4AC65E1B71E8}
		{D6B01F59-406D-4557-9A34-FC4C589B2069} = {02EA681E-C7D8-13C7-8484-4AC65E1B71E8}
		{FA630654-2E6E-4E4B-A626-C43E280D2F4E} = {02EA681E-C7D8-13C7-8484-4AC65E1B71E8}
		{BE1A89F5-B9F4-4CBB-9CAD-5763DCB9CFC5} = {02EA681E-C7D8-13C7-8484-4AC65E1B71E8}
		{BB91995F-18E3-4C68-9B42-DA9BB58F3163} = {AC57F9F6-CEE3-4CAC-993F-AB158270C6ED}
		{7FE89302-C722-4B4F-8EE4-52366D790630} = {AC57F9F6-CEE3-4CAC-993F-AB158270C6ED}
	EndGlobalSection
	GlobalSection(ExtensibilityGlobals) = postSolution
		SolutionGuid = {605D8DAF-E6F0-467A-AA47-80F4A2272DD4}
	EndGlobalSection
EndGlobal
